
Microsoft Visual Studio Solution File, Format Version 12.00
# Visual Studio Version 17
VisualStudioVersion = 17.1.32421.90
MinimumVisualStudioVersion = 10.0.40219.1
Project("{9A19103F-16F7-4668-BE54-9A1E7A4F7556}") = "Saucedemo", "Saucedemo\Saucedemo.csproj", "{E3A7354F-B51F-4E80-BE2A-81849B9403EB}"
EndProject
Project("{9A19103F-16F7-4668-BE54-9A1E7A4F7556}") = "Core", "Core\Core.csproj", "{9042DBA3-80A1-4308-A945-3A943C20498E}"
EndProject
Global
	GlobalSection(SolutionConfigurationPlatforms) = preSolution
		Debug|Any CPU = Debug|Any CPU
		Release|Any CPU = Release|Any CPU
	EndGlobalSection
	GlobalSection(ProjectConfigurationPlatforms) = postSolution
		{E3A7354F-B51F-4E80-BE2A-81849B9403EB}.Debug|Any CPU.ActiveCfg = Debug|Any CPU
		{E3A7354F-B51F-4E80-BE2A-81849B9403EB}.Debug|Any CPU.Build.0 = Debug|Any CPU
		{E3A7354F-B51F-4E80-BE2A-81849B9403EB}.Release|Any CPU.ActiveCfg = Release|Any CPU
		{E3A7354F-B51F-4E80-BE2A-81849B9403EB}.Release|Any CPU.Build.0 = Release|Any CPU
		{9042DBA3-80A1-4308-A945-3A943C20498E}.Debug|Any CPU.ActiveCfg = Debug|Any CPU
		{9042DBA3-80A1-4308-A945-3A943C20498E}.Debug|Any CPU.Build.0 = Debug|Any CPU
		{9042DBA3-80A1-4308-A945-3A943C20498E}.Release|Any CPU.ActiveCfg = Release|Any CPU
		{9042DBA3-80A1-4308-A945-3A943C20498E}.Release|Any CPU.Build.0 = Release|Any CPU
	EndGlobalSection
	GlobalSection(SolutionProperties) = preSolution
		HideSolutionNode = FALSE
	EndGlobalSection
	GlobalSection(ExtensibilityGlobals) = postSolution
		SolutionGuid = {4A4CA07A-F7A2-404E-A5FD-808BE2A3C171}
	EndGlobalSection
EndGlobal
